
Microsoft Visual Studio Solution File, Format Version 12.00
# Visual Studio Version 16
VisualStudioVersion = 16.0.33027.164
MinimumVisualStudioVersion = 10.0.40219.1
Project("{2150E333-8FDC-42A3-9474-1A3956D46DE8}") = "Solution Items", "Solution Items", "{625F23ED-47EF-4A1B-A287-2825B061C1F9}"
	ProjectSection(SolutionItems) = preProject
		..\LeeKeyWallpaper\.editorconfig = ..\LeeKeyWallpaper\.editorconfig
	EndProjectSection
EndProject
Project("{FAE04EC0-301F-11D3-BF4B-00C04F79EFBC}") = "LeerKeyWallpaper", "LeerKeyWallpaper.csproj", "{55818B0C-15EF-4675-9E66-6487F18EA0B1}"
EndProject
Project("{FAE04EC0-301F-11D3-BF4B-00C04F79EFBC}") = "EstableceWallpaper", "..\EstableceWallpaper\EstableceWallpaper.csproj", "{9E8F8680-9557-460E-B4B9-C86C8D4507CF}"
EndProject
Global
	GlobalSection(SolutionConfigurationPlatforms) = preSolution
		Debug|Any CPU = Debug|Any CPU
		Release|Any CPU = Release|Any CPU
	EndGlobalSection
	GlobalSection(ProjectConfigurationPlatforms) = postSolution
		{55818B0C-15EF-4675-9E66-6487F18EA0B1}.Debug|Any CPU.ActiveCfg = Debug|Any CPU
		{55818B0C-15EF-4675-9E66-6487F18EA0B1}.Debug|Any CPU.Build.0 = Debug|Any CPU
		{55818B0C-15EF-4675-9E66-6487F18EA0B1}.Release|Any CPU.ActiveCfg = Release|Any CPU
		{55818B0C-15EF-4675-9E66-6487F18EA0B1}.Release|Any CPU.Build.0 = Release|Any CPU
		{9E8F8680-9557-460E-B4B9-C86C8D4507CF}.Debug|Any CPU.ActiveCfg = Debug|Any CPU
		{9E8F8680-9557-460E-B4B9-C86C8D4507CF}.Debug|Any CPU.Build.0 = Debug|Any CPU
		{9E8F8680-9557-460E-B4B9-C86C8D4507CF}.Release|Any CPU.ActiveCfg = Release|Any CPU
		{9E8F8680-9557-460E-B4B9-C86C8D4507CF}.Release|Any CPU.Build.0 = Release|Any CPU
	EndGlobalSection
	GlobalSection(SolutionProperties) = preSolution
		HideSolutionNode = FALSE
	EndGlobalSection
	GlobalSection(NestedProjects) = preSolution
		{55818B0C-15EF-4675-9E66-6487F18EA0B1} = {625F23ED-47EF-4A1B-A287-2825B061C1F9}
	EndGlobalSection
	GlobalSection(ExtensibilityGlobals) = postSolution
		SolutionGuid = {DD4CD42C-1762-4D01-B329-6A76108C51CB}
	EndGlobalSection
EndGlobal
